// !$*UTF8*$!
{
	archiveVersion = 1;
	classes = {
	};
	objectVersion = 56;
	objects = {

/* Begin PBXBuildFile section */
		5FD1BB26297409C100FB0904 /* ColorizedAppWithSwiftUIApp.swift in Sources */ = {isa = PBXBuildFile; fileRef = 5FD1BB25297409C100FB0904 /* ColorizedAppWithSwiftUIApp.swift */; };
		5FD1BB28297409C100FB0904 /* ContentView.swift in Sources */ = {isa = PBXBuildFile; fileRef = 5FD1BB27297409C100FB0904 /* ContentView.swift */; };
		5FD1BB2A297409C200FB0904 /* Assets.xcassets in Resources */ = {isa = PBXBuildFile; fileRef = 5FD1BB29297409C200FB0904 /* Assets.xcassets */; };
		5FD1BB2D297409C200FB0904 /* Preview Assets.xcassets in Resources */ = {isa = PBXBuildFile; fileRef = 5FD1BB2C297409C200FB0904 /* Preview Assets.xcassets */; };
		5FD1BB34297409E400FB0904 /* ColorizedView.swift in Sources */ = {isa = PBXBuildFile; fileRef = 5FD1BB33297409E400FB0904 /* ColorizedView.swift */; };
		5FD1BB3629740EA800FB0904 /* LabelAndSliderView.swift in Sources */ = {isa = PBXBuildFile; fileRef = 5FD1BB3529740EA800FB0904 /* LabelAndSliderView.swift */; };
		5FD1BB382974131B00FB0904 /* TextFieldView.swift in Sources */ = {isa = PBXBuildFile; fileRef = 5FD1BB372974131B00FB0904 /* TextFieldView.swift */; };
/* End PBXBuildFile section */

/* Begin PBXFileReference section */
		5FD1BB22297409C100FB0904 /* ColorizedAppWithSwiftUI.app */ = {isa = PBXFileReference; explicitFileType = wrapper.application; includeInIndex = 0; path = ColorizedAppWithSwiftUI.app; sourceTree = BUILT_PRODUCTS_DIR; };
		5FD1BB25297409C100FB0904 /* ColorizedAppWithSwiftUIApp.swift */ = {isa = PBXFileReference; lastKnownFileType = sourcecode.swift; path = ColorizedAppWithSwiftUIApp.swift; sourceTree = "<group>"; };
		5FD1BB27297409C100FB0904 /* ContentView.swift */ = {isa = PBXFileReference; lastKnownFileType = sourcecode.swift; path = ContentView.swift; sourceTree = "<group>"; };
		5FD1BB29297409C200FB0904 /* Assets.xcassets */ = {isa = PBXFileReference; lastKnownFileType = folder.assetcatalog; path = Assets.xcassets; sourceTree = "<group>"; };
		5FD1BB2C297409C200FB0904 /* Preview Assets.xcassets */ = {isa = PBXFileReference; lastKnownFileType = folder.assetcatalog; path = "Preview Assets.xcassets"; sourceTree = "<group>"; };
		5FD1BB33297409E400FB0904 /* ColorizedView.swift */ = {isa = PBXFileReference; lastKnownFileType = sourcecode.swift; path = ColorizedView.swift; sourceTree = "<group>"; };
		5FD1BB3529740EA800FB0904 /* LabelAndSliderView.swift */ = {isa = PBXFileReference; lastKnownFileType = sourcecode.swift; path = LabelAndSliderView.swift; sourceTree = "<group>"; };
		5FD1BB372974131B00FB0904 /* TextFieldView.swift */ = {isa = PBXFileReference; lastKnownFileType = sourcecode.swift; path = TextFieldView.swift; sourceTree = "<group>"; };
/* End PBXFileReference section */

/* Begin PBXFrameworksBuildPhase section */
		5FD1BB1F297409C100FB0904 /* Frameworks */ = {
			isa = PBXFrameworksBuildPhase;
			buildActionMask = 2147483647;
			files = (
			);
			runOnlyForDeploymentPostprocessing = 0;
		};
/* End PBXFrameworksBuildPhase section */

/* Begin PBXGroup section */
		5FD1BB19297409C100FB0904 = {
			isa = PBXGroup;
			children = (
				5FD1BB24297409C100FB0904 /* ColorizedAppWithSwiftUI */,
				5FD1BB23297409C100FB0904 /* Products */,
			);
			sourceTree = "<group>";
		};
		5FD1BB23297409C100FB0904 /* Products */ = {
			isa = PBXGroup;
			children = (
				5FD1BB22297409C100FB0904 /* ColorizedAppWithSwiftUI.app */,
			);
			name = Products;
			sourceTree = "<group>";
		};
		5FD1BB24297409C100FB0904 /* ColorizedAppWithSwiftUI */ = {
			isa = PBXGroup;
			children = (
				5FD1BB25297409C100FB0904 /* ColorizedAppWithSwiftUIApp.swift */,
				5FD1BB27297409C100FB0904 /* ContentView.swift */,
				5FD1BB33297409E400FB0904 /* ColorizedView.swift */,
				5FD1BB3529740EA800FB0904 /* LabelAndSliderView.swift */,
				5FD1BB372974131B00FB0904 /* TextFieldView.swift */,
				5FD1BB29297409C200FB0904 /* Assets.xcassets */,
				5FD1BB2B297409C200FB0904 /* Preview Content */,
			);
			path = ColorizedAppWithSwiftUI;
			sourceTree = "<group>";
		};
		5FD1BB2B297409C200FB0904 /* Preview Content */ = {
			isa = PBXGroup;
			children = (
				5FD1BB2C297409C200FB0904 /* Preview Assets.xcassets */,
			);
			path = "Preview Content";
			sourceTree = "<group>";
		};
/* End PBXGroup section */

/* Begin PBXNativeTarget section */
		5FD1BB21297409C100FB0904 /* ColorizedAppWithSwiftUI */ = {
			isa = PBXNativeTarget;
			buildConfigurationList = 5FD1BB30297409C200FB0904 /* Build configuration list for PBXNativeTarget "ColorizedAppWithSwiftUI" */;
			buildPhases = (
				5FD1BB1E297409C100FB0904 /* Sources */,
				5FD1BB1F297409C100FB0904 /* Frameworks */,
				5FD1BB20297409C100FB0904 /* Resources */,
			);
			buildRules = (
			);
			dependencies = (
			);
			name = ColorizedAppWithSwiftUI;
			productName = ColorizedAppWithSwiftUI;
			productReference = 5FD1BB22297409C100FB0904 /* ColorizedAppWithSwiftUI.app */;
			productType = "com.apple.product-type.application";
		};
/* End PBXNativeTarget section */

/* Begin PBXProject section */
		5FD1BB1A297409C100FB0904 /* Project object */ = {
			isa = PBXProject;
			attributes = {
				BuildIndependentTargetsInParallel = 1;
				LastSwiftUpdateCheck = 1420;
				LastUpgradeCheck = 1420;
				TargetAttributes = {
					5FD1BB21297409C100FB0904 = {
						CreatedOnToolsVersion = 14.2;
					};
				};
			};
			buildConfigurationList = 5FD1BB1D297409C100FB0904 /* Build configuration list for PBXProject "ColorizedAppWithSwiftUI" */;
			compatibilityVersion = "Xcode 14.0";
			developmentRegion = en;
			hasScannedForEncodings = 0;
			knownRegions = (
				en,
				Base,
			);
			mainGroup = 5FD1BB19297409C100FB0904;
			productRefGroup = 5FD1BB23297409C100FB0904 /* Products */;
			projectDirPath = "";
			projectRoot = "";
			targets = (
				5FD1BB21297409C100FB0904 /* ColorizedAppWithSwiftUI */,
			);
		};
/* End PBXProject section */

/* Begin PBXResourcesBuildPhase section */
		5FD1BB20297409C100FB0904 /* Resources */ = {
			isa = PBXResourcesBuildPhase;
			buildActionMask = 2147483647;
			files = (
				5FD1BB2D297409C200FB0904 /* Preview Assets.xcassets in Resources */,
				5FD1BB2A297409C200FB0904 /* Assets.xcassets in Resources */,
			);
			runOnlyForDeploymentPostprocessing = 0;
		};
/* End PBXResourcesBuildPhase section */

/* Begin PBXSourcesBuildPhase section */
		5FD1BB1E297409C100FB0904 /* Sources */ = {
			isa = PBXSourcesBuildPhase;
			buildActionMask = 2147483647;
			files = (
				5FD1BB3629740EA800FB0904 /* LabelAndSliderView.swift in Sources */,
				5FD1BB382974131B00FB0904 /* TextFieldView.swift in Sources */,
				5FD1BB28297409C100FB0904 /* ContentView.swift in Sources */,
				5FD1BB26297409C100FB0904 /* ColorizedAppWithSwiftUIApp.swift in Sources */,
				5FD1BB34297409E400FB0904 /* ColorizedView.swift in Sources */,
			);
			runOnlyForDeploymentPostprocessing = 0;
		};
/* End PBXSourcesBuildPhase section */

/* Begin XCBuildConfiguration section */
		5FD1BB2E297409C200FB0904 /* Debug */ = {
			isa = XCBuildConfiguration;
			buildSettings = {
				ALWAYS_SEARCH_USER_PATHS = NO;
				CLANG_ANALYZER_NONNULL = YES;
				CLANG_ANALYZER_NUMBER_OBJECT_CONVERSION = YES_AGGRESSIVE;
				CLANG_CXX_LANGUAGE_STANDARD = "gnu++20";
				CLANG_ENABLE_MODULES = YES;
				CLANG_ENABLE_OBJC_ARC = YES;
				CLANG_ENABLE_OBJC_WEAK = YES;
				CLANG_WARN_BLOCK_CAPTURE_AUTORELEASING = YES;
				CLANG_WARN_BOOL_CONVERSION = YES;
				CLANG_WARN_COMMA = YES;
				CLANG_WARN_CONSTANT_CONVERSION = YES;
				CLANG_WARN_DEPRECATED_OBJC_IMPLEMENTATIONS = YES;
				CLANG_WARN_DIRECT_OBJC_ISA_USAGE = YES_ERROR;
				CLANG_WARN_DOCUMENTATION_COMMENTS = YES;
				CLANG_WARN_EMPTY_BODY = YES;
				CLANG_WARN_ENUM_CONVERSION = YES;
				CLANG_WARN_INFINITE_RECURSION = YES;
				CLANG_WARN_INT_CONVERSION = YES;
				CLANG_WARN_NON_LITERAL_NULL_CONVERSION = YES;
				CLANG_WARN_OBJC_IMPLICIT_RETAIN_SELF = YES;
				CLANG_WARN_OBJC_LITERAL_CONVERSION = YES;
				CLANG_WARN_OBJC_ROOT_CLASS = YES_ERROR;
				CLANG_WARN_QUOTED_INCLUDE_IN_FRAMEWORK_HEADER = YES;
				CLANG_WARN_RANGE_LOOP_ANALYSIS = YES;
				CLANG_WARN_STRICT_PROTOTYPES = YES;
				CLANG_WARN_SUSPICIOUS_MOVE = YES;
				CLANG_WARN_UNGUARDED_AVAILABILITY = YES_AGGRESSIVE;
				CLANG_WARN_UNREACHABLE_CODE = YES;
				CLANG_WARN__DUPLICATE_METHOD_MATCH = YES;
				COPY_PHASE_STRIP = NO;
				DEBUG_INFORMATION_FORMAT = dwarf;
				ENABLE_STRICT_OBJC_MSGSEND = YES;
				ENABLE_TESTABILITY = YES;
				GCC_C_LANGUAGE_STANDARD = gnu11;
				GCC_DYNAMIC_NO_PIC = NO;
				GCC_NO_COMMON_BLOCKS = YES;
				GCC_OPTIMIZATION_LEVEL = 0;
				GCC_PREPROCESSOR_DEFINITIONS = (
					"DEBUG=1",
					"$(inherited)",
				);
				GCC_WARN_64_TO_32_BIT_CONVERSION = YES;
				GCC_WARN_ABOUT_RETURN_TYPE = YES_ERROR;
				GCC_WARN_UNDECLARED_SELECTOR = YES;
				GCC_WARN_UNINITIALIZED_AUTOS = YES_AGGRESSIVE;
				GCC_WARN_UNUSED_FUNCTION = YES;
				GCC_WARN_UNUSED_VARIABLE = YES;
				IPHONEOS_DEPLOYMENT_TARGET = 16.2;
				MTL_ENABLE_DEBUG_INFO = INCLUDE_SOURCE;
				MTL_FAST_MATH = YES;
				ONLY_ACTIVE_ARCH = YES;
				SDKROOT = iphoneos;
				SWIFT_ACTIVE_COMPILATION_CONDITIONS = DEBUG;
				SWIFT_OPTIMIZATION_LEVEL = "-Onone";
			};
			name = Debug;
		};
		5FD1BB2F297409C200FB0904 /* Release */ = {
			isa = XCBuildConfiguration;
			buildSettings = {
				ALWAYS_SEARCH_USER_PATHS = NO;
				CLANG_ANALYZER_NONNULL = YES;
				CLANG_ANALYZER_NUMBER_OBJECT_CONVERSION = YES_AGGRESSIVE;
				CLANG_CXX_LANGUAGE_STANDARD = "gnu++20";
				CLANG_ENABLE_MODULES = YES;
				CLANG_ENABLE_OBJC_ARC = YES;
				CLANG_ENABLE_OBJC_WEAK = YES;
				CLANG_WARN_BLOCK_CAPTURE_AUTORELEASING = YES;
				CLANG_WARN_BOOL_CONVERSION = YES;
				CLANG_WARN_COMMA = YES;
				CLANG_WARN_CONSTANT_CONVERSION = YES;
				CLANG_WARN_DEPRECATED_OBJC_IMPLEMENTATIONS = YES;
				CLANG_WARN_DIRECT_OBJC_ISA_USAGE = YES_ERROR;
				CLANG_WARN_DOCUMENTATION_COMMENTS = YES;
				CLANG_WARN_EMPTY_BODY = YES;
				CLANG_WARN_ENUM_CONVERSION = YES;
				CLANG_WARN_INFINITE_RECURSION = YES;
				CLANG_WARN_INT_CONVERSION = YES;
				CLANG_WARN_NON_LITERAL_NULL_CONVERSION = YES;
				CLANG_WARN_OBJC_IMPLICIT_RETAIN_SELF = YES;
				CLANG_WARN_OBJC_LITERAL_CONVERSION = YES;
				CLANG_WARN_OBJC_ROOT_CLASS = YES_ERROR;
				CLANG_WARN_QUOTED_INCLUDE_IN_FRAMEWORK_HEADER = YES;
				CLANG_WARN_RANGE_LOOP_ANALYSIS = YES;
				CLANG_WARN_STRICT_PROTOTYPES = YES;
				CLANG_WARN_SUSPICIOUS_MOVE = YES;
				CLANG_WARN_UNGUARDED_AVAILABILITY = YES_AGGRESSIVE;
				CLANG_WARN_UNREACHABLE_CODE = YES;
				CLANG_WARN__DUPLICATE_METHOD_MATCH = YES;
				COPY_PHASE_STRIP = NO;
				DEBUG_INFORMATION_FORMAT = "dwarf-with-dsym";
				ENABLE_NS_ASSERTIONS = NO;
				ENABLE_STRICT_OBJC_MSGSEND = YES;
				GCC_C_LANGUAGE_STANDARD = gnu11;
				GCC_NO_COMMON_BLOCKS = YES;
				GCC_WARN_64_TO_32_BIT_CONVERSION = YES;
				GCC_WARN_ABOUT_RETURN_TYPE = YES_ERROR;
				GCC_WARN_UNDECLARED_SELECTOR = YES;
				GCC_WARN_UNINITIALIZED_AUTOS = YES_AGGRESSIVE;
				GCC_WARN_UNUSED_FUNCTION = YES;
				GCC_WARN_UNUSED_VARIABLE = YES;
				IPHONEOS_DEPLOYMENT_TARGET = 16.2;
				MTL_ENABLE_DEBUG_INFO = NO;
				MTL_FAST_MATH = YES;
				SDKROOT = iphoneos;
				SWIFT_COMPILATION_MODE = wholemodule;
				SWIFT_OPTIMIZATION_LEVEL = "-O";
				VALIDATE_PRODUCT = YES;
			};
			name = Release;
		};
		5FD1BB31297409C200FB0904 /* Debug */ = {
			isa = XCBuildConfiguration;
			buildSettings = {
				ASSETCATALOG_COMPILER_APPICON_NAME = AppIcon;
				ASSETCATALOG_COMPILER_GLOBAL_ACCENT_COLOR_NAME = AccentColor;
				CODE_SIGN_STYLE = Automatic;
				CURRENT_PROJECT_VERSION = 1;
				DEVELOPMENT_ASSET_PATHS = "\"ColorizedAppWithSwiftUI/Preview Content\"";
				DEVELOPMENT_TEAM = 4RJ3J5RA5L;
				ENABLE_PREVIEWS = YES;
				GENERATE_INFOPLIST_FILE = YES;
				INFOPLIST_KEY_UIApplicationSceneManifest_Generation = YES;
				INFOPLIST_KEY_UIApplicationSupportsIndirectInputEvents = YES;
				INFOPLIST_KEY_UILaunchScreen_Generation = YES;
				INFOPLIST_KEY_UISupportedInterfaceOrientations_iPad = "UIInterfaceOrientationPortrait UIInterfaceOrientationPortraitUpsideDown UIInterfaceOrientationLandscapeLeft UIInterfaceOrientationLandscapeRight";
				INFOPLIST_KEY_UISupportedInterfaceOrientations_iPhone = "UIInterfaceOrientationPortrait UIInterfaceOrientationLandscapeLeft UIInterfaceOrientationLandscapeRight";
				LD_RUNPATH_SEARCH_PATHS = (
					"$(inherited)",
					"@executable_path/Frameworks",
				);
				MARKETING_VERSION = 1.0;
				PRODUCT_BUNDLE_IDENTIFIER = com.alishermalikov.ColorizedAppWithSwiftUI;
				PRODUCT_NAME = "$(TARGET_NAME)";
				SWIFT_EMIT_LOC_STRINGS = YES;
				SWIFT_VERSION = 5.0;
				TARGETED_DEVICE_FAMILY = "1,2";
			};
			name = Debug;
		};
		5FD1BB32297409C200FB0904 /* Release */ = {
			isa = XCBuildConfiguration;
			buildSettings = {
				ASSETCATALOG_COMPILER_APPICON_NAME = AppIcon;
				ASSETCATALOG_COMPILER_GLOBAL_ACCENT_COLOR_NAME = AccentColor;
				CODE_SIGN_STYLE = Automatic;
				CURRENT_PROJECT_VERSION = 1;
				DEVELOPMENT_ASSET_PATHS = "\"ColorizedAppWithSwiftUI/Preview Content\"";
				DEVELOPMENT_TEAM = 4RJ3J5RA5L;
				ENABLE_PREVIEWS = YES;
				GENERATE_INFOPLIST_FILE = YES;
				INFOPLIST_KEY_UIApplicationSceneManifest_Generation = YES;
				INFOPLIST_KEY_UIApplicationSupportsIndirectInputEvents = YES;
				INFOPLIST_KEY_UILaunchScreen_Generation = YES;
				INFOPLIST_KEY_UISupportedInterfaceOrientations_iPad = "UIInterfaceOrientationPortrait UIInterfaceOrientationPortraitUpsideDown UIInterfaceOrientationLandscapeLeft UIInterfaceOrientationLandscapeRight";
				INFOPLIST_KEY_UISupportedInterfaceOrientations_iPhone = "UIInterfaceOrientationPortrait UIInterfaceOrientationLandscapeLeft UIInterfaceOrientationLandscapeRight";
				LD_RUNPATH_SEARCH_PATHS = (
					"$(inherited)",
					"@executable_path/Frameworks",
				);
				MARKETING_VERSION = 1.0;
				PRODUCT_BUNDLE_IDENTIFIER = com.alishermalikov.ColorizedAppWithSwiftUI;
				PRODUCT_NAME = "$(TARGET_NAME)";
				SWIFT_EMIT_LOC_STRINGS = YES;
				SWIFT_VERSION = 5.0;
				TARGETED_DEVICE_FAMILY = "1,2";
			};
			name = Release;
		};
/* End XCBuildConfiguration section */

/* Begin XCConfigurationList section */
		5FD1BB1D297409C100FB0904 /* Build configuration list for PBXProject "ColorizedAppWithSwiftUI" */ = {
			isa = XCConfigurationList;
			buildConfigurations = (
				5FD1BB2E297409C200FB0904 /* Debug */,
				5FD1BB2F297409C200FB0904 /* Release */,
			);
			defaultConfigurationIsVisible = 0;
			defaultConfigurationName = Release;
		};
		5FD1BB30297409C200FB0904 /* Build configuration list for PBXNativeTarget "ColorizedAppWithSwiftUI" */ = {
			isa = XCConfigurationList;
			buildConfigurations = (
				5FD1BB31297409C200FB0904 /* Debug */,
				5FD1BB32297409C200FB0904 /* Release */,
			);
			defaultConfigurationIsVisible = 0;
			defaultConfigurationName = Release;
		};
/* End XCConfigurationList section */
	};
	rootObject = 5FD1BB1A297409C100FB0904 /* Project object */;
}
